{
  "nodes": {
    "brew-src": {
      "flake": false,
      "locked": {
        "lastModified": 1756059815,
        "narHash": "sha256-UALOxoXoFIHbwKzcqbqCAqw5cC0MJEehLaWSet5vxfE=",
        "owner": "Homebrew",
        "repo": "brew",
        "rev": "02947ea4edbdef5fcce9ee57fa289547f4d096c9",
        "type": "github"
      },
      "original": {
        "owner": "Homebrew",
        "ref": "4.6.7",
        "repo": "brew",
        "type": "github"
      }
    },
    "crane": {
      "locked": {
        "lastModified": 1754269165,
        "narHash": "sha256-0tcS8FHd4QjbCVoxN9jI+PjHgA4vc/IjkUSp+N3zy0U=",
        "owner": "ipetkov",
        "repo": "crane",
        "rev": "444e81206df3f7d92780680e45858e31d2f07a08",
        "type": "github"
      },
      "original": {
        "owner": "ipetkov",
        "repo": "crane",
        "type": "github"
      }
    },
    "darwin": {
      "inputs": {
        "nixpkgs": [
          "nixpkgs"
        ]
      },
      "locked": {
        "lastModified": 1757430124,
        "narHash": "sha256-MhDltfXesGH8VkGv3hmJ1QEKl1ChTIj9wmGAFfWj/Wk=",
        "owner": "LnL7",
        "repo": "nix-darwin",
        "rev": "830b3f0b50045cf0bcfd4dab65fad05bf882e196",
        "type": "github"
      },
      "original": {
        "owner": "LnL7",
        "ref": "master",
        "repo": "nix-darwin",
        "type": "github"
      }
    },
    "flake-parts": {
      "inputs": {
        "nixpkgs-lib": "nixpkgs-lib"
      },
      "locked": {
        "lastModified": 1756770412,
        "narHash": "sha256-+uWLQZccFHwqpGqr2Yt5VsW/PbeJVTn9Dk6SHWhNRPw=",
        "owner": "hercules-ci",
        "repo": "flake-parts",
        "rev": "4524271976b625a4a605beefd893f270620fd751",
        "type": "github"
      },
      "original": {
        "owner": "hercules-ci",
        "repo": "flake-parts",
        "type": "github"
      }
    },
    "flake-parts_2": {
      "inputs": {
        "nixpkgs-lib": [
          "nixvim",
          "nixpkgs"
        ]
      },
      "locked": {
        "lastModified": 1756770412,
        "narHash": "sha256-+uWLQZccFHwqpGqr2Yt5VsW/PbeJVTn9Dk6SHWhNRPw=",
        "owner": "hercules-ci",
        "repo": "flake-parts",
        "rev": "4524271976b625a4a605beefd893f270620fd751",
        "type": "github"
      },
      "original": {
        "owner": "hercules-ci",
        "repo": "flake-parts",
        "type": "github"
      }
    },
    "flake-utils": {
      "inputs": {
        "systems": "systems"
      },
      "locked": {
        "lastModified": 1731533236,
        "narHash": "sha256-l0KFg5HjrsfsO/JpG+r7fRrqm12kzFHyUHqHCVpMMbI=",
        "owner": "numtide",
        "repo": "flake-utils",
        "rev": "11707dc2f618dd54ca8739b309ec4fc024de578b",
        "type": "github"
      },
      "original": {
        "owner": "numtide",
        "repo": "flake-utils",
        "type": "github"
      }
    },
    "flake-utils_2": {
      "inputs": {
        "systems": "systems_3"
      },
      "locked": {
        "lastModified": 1731533236,
        "narHash": "sha256-l0KFg5HjrsfsO/JpG+r7fRrqm12kzFHyUHqHCVpMMbI=",
        "owner": "numtide",
        "repo": "flake-utils",
        "rev": "11707dc2f618dd54ca8739b309ec4fc024de578b",
        "type": "github"
      },
      "original": {
        "owner": "numtide",
        "repo": "flake-utils",
        "type": "github"
      }
    },
    "home-manager": {
      "inputs": {
        "nixpkgs": [
          "nixpkgs"
        ]
      },
      "locked": {
        "lastModified": 1757920978,
        "narHash": "sha256-Mv16aegXLulgyDunijP6SPFJNm8lSXb2w3Q0X+vZ9TY=",
        "owner": "nix-community",
        "repo": "home-manager",
        "rev": "11cc5449c50e0e5b785be3dfcb88245232633eb8",
        "type": "github"
      },
      "original": {
        "owner": "nix-community",
        "repo": "home-manager",
        "type": "github"
      }
    },
    "homebrew-axe": {
      "flake": false,
      "locked": {
        "lastModified": 1748788613,
        "narHash": "sha256-rHXT2HX2HByObjdncBMGMM/4ezakO4bQsO+KGxB5Ajk=",
        "owner": "cameroncooke",
        "repo": "homebrew-axe",
        "rev": "bd522a3347cdd2763000bfc697dc7ab42d72df62",
        "type": "github"
      },
      "original": {
        "owner": "cameroncooke",
        "repo": "homebrew-axe",
        "type": "github"
      }
    },
    "homebrew-cask": {
      "flake": false,
      "locked": {
        "lastModified": 1757952291,
        "narHash": "sha256-/Jbxx/Dx6kxg8J5LhvZRsg3qaoKlbGAPpTcVYyfR8+o=",
        "owner": "homebrew",
        "repo": "homebrew-cask",
        "rev": "d32e1b6cd8da10ffda55c112a1c5d51a2763e9fd",
        "type": "github"
      },
      "original": {
        "owner": "homebrew",
        "repo": "homebrew-cask",
        "type": "github"
      }
    },
    "homebrew-core": {
      "flake": false,
      "locked": {
        "lastModified": 1757953302,
        "narHash": "sha256-5H5doCGm12klA8XaSXaSlsiOOzmK0iJ45fThPcUm0Tg=",
        "owner": "homebrew",
        "repo": "homebrew-core",
        "rev": "5054cb3c769b58d8f7dead093a2e80a05aa14079",
        "type": "github"
      },
      "original": {
        "owner": "homebrew",
        "repo": "homebrew-core",
        "type": "github"
      }
    },
    "ixx": {
      "inputs": {
        "flake-utils": [
          "nixvim",
          "nuschtosSearch",
          "flake-utils"
        ],
        "nixpkgs": [
          "nixvim",
          "nuschtosSearch",
          "nixpkgs"
        ]
      },
      "locked": {
        "lastModified": 1754860581,
        "narHash": "sha256-EM0IE63OHxXCOpDHXaTyHIOk2cNvMCGPqLt/IdtVxgk=",
        "owner": "NuschtOS",
        "repo": "ixx",
        "rev": "babfe85a876162c4acc9ab6fb4483df88fa1f281",
        "type": "github"
      },
      "original": {
        "owner": "NuschtOS",
        "ref": "v0.1.1",
        "repo": "ixx",
        "type": "github"
      }
    },
    "nix-homebrew": {
      "inputs": {
        "brew-src": "brew-src"
      },
      "locked": {
        "lastModified": 1756398546,
        "narHash": "sha256-n4GVDLhKu65XFraJuCzap2AaZji4xhPaZMTJ8aQdD3s=",
        "owner": "zhaofengli-wip",
        "repo": "nix-homebrew",
        "rev": "3aa475996cb3bc1ecefa88c99c466e6f0bc17431",
        "type": "github"
      },
      "original": {
        "owner": "zhaofengli-wip",
        "repo": "nix-homebrew",
        "type": "github"
      }
    },
    "nixpkgs": {
      "locked": {
        "lastModified": 1757952092,
        "narHash": "sha256-BcfTLFCU7elUJ2dwyt0iTjxsz/XLh+8ZygDcFwy6xPE=",
        "owner": "nixos",
        "repo": "nixpkgs",
        "rev": "fd76dc9e7c68ac7c3941ba2af2bedcd79c5cf4ed",
        "type": "github"
      },
      "original": {
        "owner": "nixos",
        "ref": "master",
        "repo": "nixpkgs",
        "type": "github"
      }
    },
    "nixpkgs-lib": {
      "locked": {
        "lastModified": 1754788789,
        "narHash": "sha256-x2rJ+Ovzq0sCMpgfgGaaqgBSwY+LST+WbZ6TytnT9Rk=",
        "owner": "nix-community",
        "repo": "nixpkgs.lib",
        "rev": "a73b9c743612e4244d865a2fdee11865283c04e6",
        "type": "github"
      },
      "original": {
        "owner": "nix-community",
        "repo": "nixpkgs.lib",
        "type": "github"
      }
    },
    "nixpkgs_2": {
      "locked": {
        "lastModified": 1757746433,
        "narHash": "sha256-fEvTiU4s9lWgW7mYEU/1QUPirgkn+odUBTaindgiziY=",
        "owner": "NixOS",
        "repo": "nixpkgs",
        "rev": "6d7ec06d6868ac6d94c371458fc2391ded9ff13d",
        "type": "github"
      },
      "original": {
        "owner": "NixOS",
        "ref": "nixpkgs-unstable",
        "repo": "nixpkgs",
        "type": "github"
      }
    },
    "nixpkgs_3": {
      "locked": {
        "lastModified": 1754800730,
        "narHash": "sha256-HfVZCXic9XLBgybP0318ym3cDnGwBs/+H5MgxFVYF4I=",
        "owner": "NixOS",
        "repo": "nixpkgs",
        "rev": "641d909c4a7538f1539da9240dedb1755c907e40",
        "type": "github"
      },
      "original": {
        "owner": "NixOS",
        "ref": "nixpkgs-unstable",
        "repo": "nixpkgs",
        "type": "github"
      }
    },
    "nixvim": {
      "inputs": {
        "flake-parts": "flake-parts_2",
        "nixpkgs": "nixpkgs_2",
        "nuschtosSearch": "nuschtosSearch",
        "systems": "systems_2"
      },
      "locked": {
        "lastModified": 1757864383,
        "narHash": "sha256-oMoFAEC8A8BGBHIYiUNsgsVhEyNwTbn066J68LtbelY=",
        "owner": "nix-community",
        "repo": "nixvim",
        "rev": "db1a991f33fb43cf0e2a4aff54a8c53b4dc12128",
        "type": "github"
      },
      "original": {
        "owner": "nix-community",
        "repo": "nixvim",
        "type": "github"
      }
    },
    "nuschtosSearch": {
      "inputs": {
        "flake-utils": "flake-utils",
        "ixx": "ixx",
        "nixpkgs": [
          "nixvim",
          "nixpkgs"
        ]
      },
      "locked": {
        "lastModified": 1757624466,
        "narHash": "sha256-25ExS2AkQD05Jf0Y2Wnn5KHpucN2d3ObEQOVaDh7ubg=",
        "owner": "NuschtOS",
        "repo": "search",
        "rev": "da8bcb74407e41d334fc79081fdd8948b795bd6f",
        "type": "github"
      },
      "original": {
        "owner": "NuschtOS",
        "repo": "search",
        "type": "github"
      }
    },
    "root": {
      "inputs": {
        "darwin": "darwin",
        "flake-parts": "flake-parts",
        "home-manager": "home-manager",
        "homebrew-axe": "homebrew-axe",
        "homebrew-cask": "homebrew-cask",
        "homebrew-core": "homebrew-core",
        "nix-homebrew": "nix-homebrew",
        "nixpkgs": "nixpkgs",
        "nixvim": "nixvim",
        "sops-nix": "sops-nix",
        "zjstatus": "zjstatus"
      }
    },
    "rust-overlay": {
      "inputs": {
        "nixpkgs": [
          "zjstatus",
          "nixpkgs"
        ]
      },
      "locked": {
        "lastModified": 1754880555,
        "narHash": "sha256-tG6l0wiX8V8IvG4HFYY8IYN5vpNAxQ+UWunjjpE6SqU=",
        "owner": "oxalica",
        "repo": "rust-overlay",
        "rev": "17c591a44e4eb77f05f27cd37e1cfc3f219c7fc4",
        "type": "github"
      },
      "original": {
        "owner": "oxalica",
        "repo": "rust-overlay",
        "type": "github"
      }
    },
    "sops-nix": {
      "inputs": {
        "nixpkgs": [
          "nixpkgs"
        ]
      },
      "locked": {
        "lastModified": 1757847158,
        "narHash": "sha256-TumOaykhZO8SOs/faz6GQhqkOcFLoQvESLSF1cJ4mZc=",
        "owner": "Mic92",
        "repo": "sops-nix",
        "rev": "ee6f91c1c11acf7957d94a130de77561ec24b8ab",
        "type": "github"
      },
      "original": {
        "owner": "Mic92",
        "repo": "sops-nix",
        "type": "github"
      }
    },
    "systems": {
      "locked": {
        "lastModified": 1681028828,
        "narHash": "sha256-Vy1rq5AaRuLzOxct8nz4T6wlgyUR7zLU309k9mBC768=",
        "owner": "nix-systems",
        "repo": "default",
        "rev": "da67096a3b9bf56a91d16901293e51ba5b49a27e",
        "type": "github"
      },
      "original": {
        "owner": "nix-systems",
        "repo": "default",
        "type": "github"
      }
    },
    "systems_2": {
      "locked": {
        "lastModified": 1681028828,
        "narHash": "sha256-Vy1rq5AaRuLzOxct8nz4T6wlgyUR7zLU309k9mBC768=",
        "owner": "nix-systems",
        "repo": "default",
        "rev": "da67096a3b9bf56a91d16901293e51ba5b49a27e",
        "type": "github"
      },
      "original": {
        "owner": "nix-systems",
        "repo": "default",
        "type": "github"
      }
    },
    "systems_3": {
      "locked": {
        "lastModified": 1681028828,
        "narHash": "sha256-Vy1rq5AaRuLzOxct8nz4T6wlgyUR7zLU309k9mBC768=",
        "owner": "nix-systems",
        "repo": "default",
        "rev": "da67096a3b9bf56a91d16901293e51ba5b49a27e",
        "type": "github"
      },
      "original": {
        "owner": "nix-systems",
        "repo": "default",
        "type": "github"
      }
    },
    "zjstatus": {
      "inputs": {
        "crane": "crane",
        "flake-utils": "flake-utils_2",
        "nixpkgs": "nixpkgs_3",
        "rust-overlay": "rust-overlay"
      },
      "locked": {
        "lastModified": 1757256304,
        "narHash": "sha256-qANK2Hwhi4Nbpcsy6lunncyt725gthaSX/0dLluBxtw=",
        "owner": "dj95",
        "repo": "zjstatus",
        "rev": "e2ea91819408f0b0dd7ee15249341cace6eb09cc",
        "type": "github"
      },
      "original": {
        "owner": "dj95",
        "repo": "zjstatus",
        "type": "github"
      }
    }
  },
  "root": "root",
  "version": 7
}
